
Microsoft Visual Studio Solution File, Format Version 12.00
# Visual Studio Version 17
VisualStudioVersion = 17.7.34031.279
MinimumVisualStudioVersion = 10.0.40219.1
Project("{FAE04EC0-301F-11D3-BF4B-00C04F79EFBC}") = "Ü211.1 Widerstandsrechner", "Ü211.1 Widerstandsrechner\Ü211.1 Widerstandsrechner.csproj", "{8FC72599-FC6B-4916-A1DB-42AA1D048B90}"
EndProject
Global
	GlobalSection(SolutionConfigurationPlatforms) = preSolution
		Debug|Any CPU = Debug|Any CPU
		Release|Any CPU = Release|Any CPU
	EndGlobalSection
	GlobalSection(ProjectConfigurationPlatforms) = postSolution
		{8FC72599-FC6B-4916-A1DB-42AA1D048B90}.Debug|Any CPU.ActiveCfg = Debug|Any CPU
		{8FC72599-FC6B-4916-A1DB-42AA1D048B90}.Debug|Any CPU.Build.0 = Debug|Any CPU
		{8FC72599-FC6B-4916-A1DB-42AA1D048B90}.Release|Any CPU.ActiveCfg = Release|Any CPU
		{8FC72599-FC6B-4916-A1DB-42AA1D048B90}.Release|Any CPU.Build.0 = Release|Any CPU
	EndGlobalSection
	GlobalSection(SolutionProperties) = preSolution
		HideSolutionNode = FALSE
	EndGlobalSection
	GlobalSection(ExtensibilityGlobals) = postSolution
		SolutionGuid = {2B250489-FA4E-4315-80BE-800C71426F52}
	EndGlobalSection
EndGlobal
